Microsoft Visual Studio Solution File, Format Version 12.00
# Visual Studio 2013
VisualStudioVersion = 12.0.21005.1
MinimumVisualStudioVersion = 10.0.40219.1
Project("{8BC9CEB8-8B4A-11D0-8D11-00A0C91BC942}") = "CDex", "CDex.vcxproj", "{A6E8C2F9-4D76-43CD-A613-06EF89EBD6FF}"
EndProject
Project("{8BC9CEB8-8B4A-11D0-8D11-00A0C91BC942}") = "libsndfile", "libsndfile\Win32\libsndfile.vcxproj", "{33FB7E82-9AB9-4996-9741-4F2FA90A3397}"
EndProject
Project("{8BC9CEB8-8B4A-11D0-8D11-00A0C91BC942}") = "libutf8", "libutf8\libutf8.vcxproj", "{BF66D17A-8D9F-44B6-ACF0-5B664876B4A0}"
EndProject
Project("{8BC9CEB8-8B4A-11D0-8D11-00A0C91BC942}") = "logging", "logging\logging.vcxproj", "{283F7911-47F2-4E2E-9518-9BCF32C51DE8}"
EndProject
Project("{8BC9CEB8-8B4A-11D0-8D11-00A0C91BC942}") = "zlib", "ID3Lib\zlib\prj\zlib.vcxproj", "{A3A3A00E-2D33-457D-B419-C9F8E5AE258C}"
EndProject
Project("{8BC9CEB8-8B4A-11D0-8D11-00A0C91BC942}") = "id3lib", "ID3Lib\prj\id3lib.vcxproj", "{F4B2EB3A-22AF-452F-9FBF-B5DDA654A01E}"
EndProject
Project("{8BC9CEB8-8B4A-11D0-8D11-00A0C91BC942}") = "CDRip", "CDRip\CDRip.vcxproj", "{62F4059F-1589-4946-A849-2F734B9CBFFF}"
EndProject
Project("{8BC9CEB8-8B4A-11D0-8D11-00A0C91BC942}") = "taglib", "taglib\win32\taglib.vcxproj", "{B010830C-A7C1-406A-9811-E4CF1F89BF03}"
EndProject
Global
	GlobalSection(SolutionConfigurationPlatforms) = preSolution
		Debug_UNICODE|Win32 = Debug_UNICODE|Win32
		Release_UNICODE|Win32 = Release_UNICODE|Win32
	EndGlobalSection
	GlobalSection(ProjectConfigurationPlatforms) = postSolution
		{A6E8C2F9-4D76-43CD-A613-06EF89EBD6FF}.Debug_UNICODE|Win32.ActiveCfg = Debug_UNICODE|Win32
		{A6E8C2F9-4D76-43CD-A613-06EF89EBD6FF}.Debug_UNICODE|Win32.Build.0 = Debug_UNICODE|Win32
		{A6E8C2F9-4D76-43CD-A613-06EF89EBD6FF}.Release_UNICODE|Win32.ActiveCfg = Debug_UNICODE|Win32
		{A6E8C2F9-4D76-43CD-A613-06EF89EBD6FF}.Release_UNICODE|Win32.Build.0 = Debug_UNICODE|Win32
		{33FB7E82-9AB9-4996-9741-4F2FA90A3397}.Debug_UNICODE|Win32.ActiveCfg = Debug_UNICODE|Win32
		{33FB7E82-9AB9-4996-9741-4F2FA90A3397}.Debug_UNICODE|Win32.Build.0 = Debug_UNICODE|Win32
		{33FB7E82-9AB9-4996-9741-4F2FA90A3397}.Release_UNICODE|Win32.ActiveCfg = Debug_UNICODE|Win32
		{33FB7E82-9AB9-4996-9741-4F2FA90A3397}.Release_UNICODE|Win32.Build.0 = Debug_UNICODE|Win32
		{BF66D17A-8D9F-44B6-ACF0-5B664876B4A0}.Debug_UNICODE|Win32.ActiveCfg = Debug|Win32
		{BF66D17A-8D9F-44B6-ACF0-5B664876B4A0}.Debug_UNICODE|Win32.Build.0 = Debug|Win32
		{BF66D17A-8D9F-44B6-ACF0-5B664876B4A0}.Release_UNICODE|Win32.ActiveCfg = Release|Win32
		{BF66D17A-8D9F-44B6-ACF0-5B664876B4A0}.Release_UNICODE|Win32.Build.0 = Release|Win32
		{283F7911-47F2-4E2E-9518-9BCF32C51DE8}.Debug_UNICODE|Win32.ActiveCfg = Debug_UNICODE|Win32
		{283F7911-47F2-4E2E-9518-9BCF32C51DE8}.Debug_UNICODE|Win32.Build.0 = Debug_UNICODE|Win32
		{283F7911-47F2-4E2E-9518-9BCF32C51DE8}.Release_UNICODE|Win32.ActiveCfg = Release_UNICODE|Win32
		{283F7911-47F2-4E2E-9518-9BCF32C51DE8}.Release_UNICODE|Win32.Build.0 = Release_UNICODE|Win32
		{A3A3A00E-2D33-457D-B419-C9F8E5AE258C}.Debug_UNICODE|Win32.ActiveCfg = Debug|Win32
		{A3A3A00E-2D33-457D-B419-C9F8E5AE258C}.Debug_UNICODE|Win32.Build.0 = Debug|Win32
		{A3A3A00E-2D33-457D-B419-C9F8E5AE258C}.Release_UNICODE|Win32.ActiveCfg = Release|Win32
		{A3A3A00E-2D33-457D-B419-C9F8E5AE258C}.Release_UNICODE|Win32.Build.0 = Release|Win32
		{F4B2EB3A-22AF-452F-9FBF-B5DDA654A01E}.Debug_UNICODE|Win32.ActiveCfg = Debug_UNICODE|Win32
		{F4B2EB3A-22AF-452F-9FBF-B5DDA654A01E}.Debug_UNICODE|Win32.Build.0 = Debug_UNICODE|Win32
		{F4B2EB3A-22AF-452F-9FBF-B5DDA654A01E}.Release_UNICODE|Win32.ActiveCfg = Release_UNICODE|Win32
		{F4B2EB3A-22AF-452F-9FBF-B5DDA654A01E}.Release_UNICODE|Win32.Build.0 = Release_UNICODE|Win32
		{62F4059F-1589-4946-A849-2F734B9CBFFF}.Debug_UNICODE|Win32.ActiveCfg = Debug_UNICODE|Win32
		{62F4059F-1589-4946-A849-2F734B9CBFFF}.Debug_UNICODE|Win32.Build.0 = Debug_UNICODE|Win32
		{62F4059F-1589-4946-A849-2F734B9CBFFF}.Release_UNICODE|Win32.ActiveCfg = Release_UNICODE|Win32
		{62F4059F-1589-4946-A849-2F734B9CBFFF}.Release_UNICODE|Win32.Build.0 = Release_UNICODE|Win32
		{B010830C-A7C1-406A-9811-E4CF1F89BF03}.Debug_UNICODE|Win32.ActiveCfg = Debug_UNICODE|Win32
		{B010830C-A7C1-406A-9811-E4CF1F89BF03}.Debug_UNICODE|Win32.Build.0 = Debug_UNICODE|Win32
		{B010830C-A7C1-406A-9811-E4CF1F89BF03}.Release_UNICODE|Win32.ActiveCfg = Release_UNICODE|Win32
		{B010830C-A7C1-406A-9811-E4CF1F89BF03}.Release_UNICODE|Win32.Build.0 = Release_UNICODE|Win32
	EndGlobalSection
	GlobalSection(SolutionProperties) = preSolution
		HideSolutionNode = FALSE
	EndGlobalSection
	GlobalSection(DPCodeReviewSolutionGUID) = preSolution
		DPCodeReviewSolutionGUID = {00000000-0000-0000-0000-000000000000}
	EndGlobalSection
EndGlobal
